
Microsoft Visual Studio Solution File, Format Version 12.00
# Visual Studio Version 17
VisualStudioVersion = 17.5.002.0
MinimumVisualStudioVersion = 10.0.40219.1
Project("{9A19103F-16F7-4668-BE54-9A1E7A4F7556}") = "EmpApi", "EmpApi.csproj", "{127BC9DC-BBCF-4D8D-B7CF-9A89FE390239}"
EndProject
Global
	GlobalSection(SolutionConfigurationPlatforms) = preSolution
		Debug|Any CPU = Debug|Any CPU
		Release|Any CPU = Release|Any CPU
	EndGlobalSection
	GlobalSection(ProjectConfigurationPlatforms) = postSolution
		{127BC9DC-BBCF-4D8D-B7CF-9A89FE390239}.Debug|Any CPU.ActiveCfg = Debug|Any CPU
		{127BC9DC-BBCF-4D8D-B7CF-9A89FE390239}.Debug|Any CPU.Build.0 = Debug|Any CPU
		{127BC9DC-BBCF-4D8D-B7CF-9A89FE390239}.Release|Any CPU.ActiveCfg = Release|Any CPU
		{127BC9DC-BBCF-4D8D-B7CF-9A89FE390239}.Release|Any CPU.Build.0 = Release|Any CPU
	EndGlobalSection
	GlobalSection(SolutionProperties) = preSolution
		HideSolutionNode = FALSE
	EndGlobalSection
	GlobalSection(ExtensibilityGlobals) = postSolution
		SolutionGuid = {39D1D730-EE75-4AA9-8DB9-422DA208FCF2}
	EndGlobalSection
EndGlobal
